
Microsoft Visual Studio Solution File, Format Version 12.00
# Visual Studio Version 17
VisualStudioVersion = 17.14.36518.9
MinimumVisualStudioVersion = 10.0.40219.1
Project("{FAE04EC0-301F-11D3-BF4B-00C04F79EFBC}") = "Server.Core.Domain", "Server.Core.Domain\Server.Core.Domain.csproj", "{F9B6FD2A-905C-41EC-A795-DB53C41A03CF}"
EndProject
Project("{FAE04EC0-301F-11D3-BF4B-00C04F79EFBC}") = "Server.Core.Application", "Server.Core.Application\Server.Core.Application.csproj", "{6AFAC653-7DB2-5480-4B55-53F70C783B8E}"
EndProject
Project("{FAE04EC0-301F-11D3-BF4B-00C04F79EFBC}") = "Server.Infrastructure.Ai", "Server.Infrastructure.Ai\Server.Infrastructure.Ai.csproj", "{DE295180-3D9A-49D3-BBFF-B085ACD0C2CC}"
EndProject
Project("{FAE04EC0-301F-11D3-BF4B-00C04F79EFBC}") = "Server.Infrastructure.Persistence", "Server.Infrastructure.Persistence\Server.Infrastructure.Persistence.csproj", "{73A21F13-7B3E-4E7A-B2ED-3BB01277479A}"
EndProject
Global
	GlobalSection(SolutionConfigurationPlatforms) = preSolution
		Debug|Any CPU = Debug|Any CPU
		Release|Any CPU = Release|Any CPU
	EndGlobalSection
	GlobalSection(ProjectConfigurationPlatforms) = postSolution
		{F9B6FD2A-905C-41EC-A795-DB53C41A03CF}.Debug|Any CPU.ActiveCfg = Debug|Any CPU
		{F9B6FD2A-905C-41EC-A795-DB53C41A03CF}.Debug|Any CPU.Build.0 = Debug|Any CPU
		{F9B6FD2A-905C-41EC-A795-DB53C41A03CF}.Release|Any CPU.ActiveCfg = Release|Any CPU
		{F9B6FD2A-905C-41EC-A795-DB53C41A03CF}.Release|Any CPU.Build.0 = Release|Any CPU
		{6AFAC653-7DB2-5480-4B55-53F70C783B8E}.Debug|Any CPU.ActiveCfg = Debug|Any CPU
		{6AFAC653-7DB2-5480-4B55-53F70C783B8E}.Debug|Any CPU.Build.0 = Debug|Any CPU
		{6AFAC653-7DB2-5480-4B55-53F70C783B8E}.Release|Any CPU.ActiveCfg = Release|Any CPU
		{6AFAC653-7DB2-5480-4B55-53F70C783B8E}.Release|Any CPU.Build.0 = Release|Any CPU
		{DE295180-3D9A-49D3-BBFF-B085ACD0C2CC}.Debug|Any CPU.ActiveCfg = Debug|Any CPU
		{DE295180-3D9A-49D3-BBFF-B085ACD0C2CC}.Debug|Any CPU.Build.0 = Debug|Any CPU
		{DE295180-3D9A-49D3-BBFF-B085ACD0C2CC}.Release|Any CPU.ActiveCfg = Release|Any CPU
		{DE295180-3D9A-49D3-BBFF-B085ACD0C2CC}.Release|Any CPU.Build.0 = Release|Any CPU
		{73A21F13-7B3E-4E7A-B2ED-3BB01277479A}.Debug|Any CPU.ActiveCfg = Debug|Any CPU
		{73A21F13-7B3E-4E7A-B2ED-3BB01277479A}.Debug|Any CPU.Build.0 = Debug|Any CPU
		{73A21F13-7B3E-4E7A-B2ED-3BB01277479A}.Release|Any CPU.ActiveCfg = Release|Any CPU
		{73A21F13-7B3E-4E7A-B2ED-3BB01277479A}.Release|Any CPU.Build.0 = Release|Any CPU
	EndGlobalSection
	GlobalSection(SolutionProperties) = preSolution
		HideSolutionNode = FALSE
	EndGlobalSection
	GlobalSection(ExtensibilityGlobals) = postSolution
		SolutionGuid = {7F19DAE2-7D52-47F3-8CE3-8E07CEC1BEEF}
	EndGlobalSection
EndGlobal
